
Microsoft Visual Studio Solution File, Format Version 12.00
# Visual Studio Version 17
VisualStudioVersion = 17.6.33829.357
MinimumVisualStudioVersion = 10.0.40219.1
Project("{FAE04EC0-301F-11D3-BF4B-00C04F79EFBC}") = "POOEjercicio2Tema1.Consola", "POOEjercicio2Tema1.Consola\POOEjercicio2Tema1.Consola.csproj", "{026DE795-7694-4B11-9C4A-41780EB35759}"
EndProject
Project("{FAE04EC0-301F-11D3-BF4B-00C04F79EFBC}") = "POOEjercicio2Tema1.Entidades", "POOEjercicio2Tema1.Entidades\POOEjercicio2Tema1.Entidades.csproj", "{AD067A69-CBA1-4172-B4FA-A9E7E00DD73E}"
EndProject
Global
	GlobalSection(SolutionConfigurationPlatforms) = preSolution
		Debug|Any CPU = Debug|Any CPU
		Release|Any CPU = Release|Any CPU
	EndGlobalSection
	GlobalSection(ProjectConfigurationPlatforms) = postSolution
		{026DE795-7694-4B11-9C4A-41780EB35759}.Debug|Any CPU.ActiveCfg = Debug|Any CPU
		{026DE795-7694-4B11-9C4A-41780EB35759}.Debug|Any CPU.Build.0 = Debug|Any CPU
		{026DE795-7694-4B11-9C4A-41780EB35759}.Release|Any CPU.ActiveCfg = Release|Any CPU
		{026DE795-7694-4B11-9C4A-41780EB35759}.Release|Any CPU.Build.0 = Release|Any CPU
		{AD067A69-CBA1-4172-B4FA-A9E7E00DD73E}.Debug|Any CPU.ActiveCfg = Debug|Any CPU
		{AD067A69-CBA1-4172-B4FA-A9E7E00DD73E}.Debug|Any CPU.Build.0 = Debug|Any CPU
		{AD067A69-CBA1-4172-B4FA-A9E7E00DD73E}.Release|Any CPU.ActiveCfg = Release|Any CPU
		{AD067A69-CBA1-4172-B4FA-A9E7E00DD73E}.Release|Any CPU.Build.0 = Release|Any CPU
	EndGlobalSection
	GlobalSection(SolutionProperties) = preSolution
		HideSolutionNode = FALSE
	EndGlobalSection
	GlobalSection(ExtensibilityGlobals) = postSolution
		SolutionGuid = {4723D343-2DBE-4699-8FD3-ABB286B44773}
	EndGlobalSection
EndGlobal
